<?xml version="1.0" encoding="utf-8"?>
<Project ToolsVersion="4.0" xmlns="http://schemas.microsoft.com/developer/msbuild/2003">
  <ItemGroup>
    <Filter Include="源文件">
      <UniqueIdentifier>{4FC737F1-C7A5-4376-A066-2A32D752A2FF}</UniqueIdentifier>
      <Extensions>cpp;c;cc;cxx;def;odl;idl;hpj;bat;asm;asmx</Extensions>
    </Filter>
    <Filter Include="头文件">
      <UniqueIdentifier>{93995380-89BD-4b04-88EB-625FBE52EBFB}</UniqueIdentifier>
      <Extensions>h;hh;hpp;hxx;hm;inl;inc;xsd</Extensions>
    </Filter>
    <Filter Include="资源文件">
      <UniqueIdentifier>{67DA6AB6-F800-4c08-8B7A-83BB121AAD01}</UniqueIdentifier>
      <Extensions>rc;ico;cur;bmp;dlg;rc2;rct;bin;rgs;gif;jpg;jpeg;jpe;resx;tiff;tif;png;wav;mfcribbon-ms</Extensions>
    </Filter>
  </ItemGroup>
  <ItemGroup>
    <Library Include="win7\zdll.lib" />
  </ItemGroup>
  <ItemGroup>
    <ClInclude Include="win7\stdint.h">
      <Filter>头文件</Filter>
    </ClInclude>
    <ClInclude Include="win7\zconf.h">
      <Filter>头文件</Filter>
    </ClInclude>
    <ClInclude Include="win7\zlib.h">
      <Filter>头文件</Filter>
    </ClInclude>
    <ClInclude Include="minisat\core\Dimacs.h">
      <Filter>头文件</Filter>
    </ClInclude>
    <ClInclude Include="minisat\core\Solver.h">
      <Filter>头文件</Filter>
    </ClInclude>
    <ClInclude Include="minisat\core\SolverTypes.h">
      <Filter>头文件</Filter>
    </ClInclude>
    <ClInclude Include="minisat\mtl\Alg.h">
      <Filter>头文件</Filter>
    </ClInclude>
    <ClInclude Include="minisat\mtl\Alloc.h">
      <Filter>头文件</Filter>
    </ClInclude>
    <ClInclude Include="minisat\mtl\Heap.h">
      <Filter>头文件</Filter>
    </ClInclude>
    <ClInclude Include="minisat\mtl\IntTypes.h">
      <Filter>头文件</Filter>
    </ClInclude>
    <ClInclude Include="minisat\mtl\Map.h">
      <Filter>头文件</Filter>
    </ClInclude>
    <ClInclude Include="minisat\mtl\Queue.h">
      <Filter>头文件</Filter>
    </ClInclude>
    <ClInclude Include="minisat\mtl\Sort.h">
      <Filter>头文件</Filter>
    </ClInclude>
    <ClInclude Include="minisat\mtl\Vec.h">
      <Filter>头文件</Filter>
    </ClInclude>
    <ClInclude Include="minisat\mtl\XAlloc.h">
      <Filter>头文件</Filter>
    </ClInclude>
    <ClInclude Include="minisat\simp\SimpSolver.h">
      <Filter>头文件</Filter>
    </ClInclude>
    <ClInclude Include="minisat\utils\Options.h">
      <Filter>头文件</Filter>
    </ClInclude>
    <ClInclude Include="minisat\utils\ParseUtils.h">
      <Filter>头文件</Filter>
    </ClInclude>
    <ClInclude Include="minisat\utils\System.h">
      <Filter>头文件</Filter>
    </ClInclude>
  </ItemGroup>
  <ItemGroup>
    <ClCompile Include="minisat\core\Solver.cc">
      <Filter>源文件</Filter>
    </ClCompile>
    <ClCompile Include="minisat\simp\Main.cc">
      <Filter>源文件</Filter>
    </ClCompile>
    <ClCompile Include="minisat\simp\SimpSolver.cc">
      <Filter>源文件</Filter>
    </ClCompile>
    <ClCompile Include="minisat\utils\Options.cc">
      <Filter>源文件</Filter>
    </ClCompile>
    <ClCompile Include="minisat\utils\System.cc">
      <Filter>源文件</Filter>
    </ClCompile>
  </ItemGroup>
  <ItemGroup>
    <None Include="readme.md" />
  </ItemGroup>
</Project>